
Microsoft Visual Studio Solution File, Format Version 12.00
# Visual Studio 15
VisualStudioVersion = 15.0.26730.3
MinimumVisualStudioVersion = 10.0.40219.1
Project("{FAE04EC0-301F-11D3-BF4B-00C04F79EFBC}") = "Paway.Windows.Forms", "Paway.Windows.Forms\Paway.Windows.Forms.csproj", "{A9BEAF6B-172E-41B6-874D-156557F7350E}"
EndProject
Project("{FAE04EC0-301F-11D3-BF4B-00C04F79EFBC}") = "Paway.Windows.Win32", "Paway.Windows.Win32\Paway.Windows.Win32.csproj", "{6DCAE3D1-F084-49F4-B21F-25D906E02567}"
EndProject
Project("{FAE04EC0-301F-11D3-BF4B-00C04F79EFBC}") = "Paway.Windows.Resource", "Paway.Windows.Resource\Paway.Windows.Resource.csproj", "{6902413A-D983-4845-83FC-E9F8CA042AB2}"
EndProject
Project("{FAE04EC0-301F-11D3-BF4B-00C04F79EFBC}") = "Paway.Windows.Helper", "Paway.Windows.Helper\Paway.Windows.Helper.csproj", "{5A772B08-C0BC-4B9C-9364-9460BADF23A1}"
EndProject
Project("{FAE04EC0-301F-11D3-BF4B-00C04F79EFBC}") = "Paway.Windows.Test", "Paway.Windows.Test\Paway.Windows.Test.csproj", "{33FD2E98-D0D6-4284-A4C4-CFE7735E9D55}"
EndProject
Global
	GlobalSection(SolutionConfigurationPlatforms) = preSolution
		Debug|Any CPU = Debug|Any CPU
		Release|Any CPU = Release|Any CPU
	EndGlobalSection
	GlobalSection(ProjectConfigurationPlatforms) = postSolution
		{A9BEAF6B-172E-41B6-874D-156557F7350E}.Debug|Any CPU.ActiveCfg = Debug|Any CPU
		{A9BEAF6B-172E-41B6-874D-156557F7350E}.Debug|Any CPU.Build.0 = Debug|Any CPU
		{A9BEAF6B-172E-41B6-874D-156557F7350E}.Release|Any CPU.ActiveCfg = Release|Any CPU
		{A9BEAF6B-172E-41B6-874D-156557F7350E}.Release|Any CPU.Build.0 = Release|Any CPU
		{6DCAE3D1-F084-49F4-B21F-25D906E02567}.Debug|Any CPU.ActiveCfg = Debug|Any CPU
		{6DCAE3D1-F084-49F4-B21F-25D906E02567}.Debug|Any CPU.Build.0 = Debug|Any CPU
		{6DCAE3D1-F084-49F4-B21F-25D906E02567}.Release|Any CPU.ActiveCfg = Release|Any CPU
		{6DCAE3D1-F084-49F4-B21F-25D906E02567}.Release|Any CPU.Build.0 = Release|Any CPU
		{6902413A-D983-4845-83FC-E9F8CA042AB2}.Debug|Any CPU.ActiveCfg = Debug|Any CPU
		{6902413A-D983-4845-83FC-E9F8CA042AB2}.Debug|Any CPU.Build.0 = Debug|Any CPU
		{6902413A-D983-4845-83FC-E9F8CA042AB2}.Release|Any CPU.ActiveCfg = Release|Any CPU
		{6902413A-D983-4845-83FC-E9F8CA042AB2}.Release|Any CPU.Build.0 = Release|Any CPU
		{5A772B08-C0BC-4B9C-9364-9460BADF23A1}.Debug|Any CPU.ActiveCfg = Debug|Any CPU
		{5A772B08-C0BC-4B9C-9364-9460BADF23A1}.Debug|Any CPU.Build.0 = Debug|Any CPU
		{5A772B08-C0BC-4B9C-9364-9460BADF23A1}.Release|Any CPU.ActiveCfg = Release|Any CPU
		{5A772B08-C0BC-4B9C-9364-9460BADF23A1}.Release|Any CPU.Build.0 = Release|Any CPU
		{33FD2E98-D0D6-4284-A4C4-CFE7735E9D55}.Debug|Any CPU.ActiveCfg = Debug|Any CPU
		{33FD2E98-D0D6-4284-A4C4-CFE7735E9D55}.Debug|Any CPU.Build.0 = Debug|Any CPU
		{33FD2E98-D0D6-4284-A4C4-CFE7735E9D55}.Release|Any CPU.ActiveCfg = Release|Any CPU
		{33FD2E98-D0D6-4284-A4C4-CFE7735E9D55}.Release|Any CPU.Build.0 = Release|Any CPU
	EndGlobalSection
	GlobalSection(SolutionProperties) = preSolution
		HideSolutionNode = FALSE
	EndGlobalSection
	GlobalSection(ExtensibilityGlobals) = postSolution
		SolutionGuid = {3BD1E1B3-5912-435E-BC33-7012835ADA5A}
	EndGlobalSection
EndGlobal
